
Microsoft Visual Studio Solution File, Format Version 12.00
# Visual Studio 14
VisualStudioVersion = 14.0.25420.1
MinimumVisualStudioVersion = 10.0.40219.1
Project("{FAE04EC0-301F-11D3-BF4B-00C04F79EFBC}") = "UsingLibrary", "UsingLibrary\UsingLibrary.csproj", "{5A012BF6-FF0A-4005-9DED-0545B29EB0C0}"
EndProject
Project("{FAE04EC0-301F-11D3-BF4B-00C04F79EFBC}") = "TestProject.Business-CS", "TestProject\CS\TestProject.Business\TestProject.Business-CS.csproj", "{F02B613F-4FB3-4C19-B35C-14DC41EE9C25}"
EndProject
Project("{F184B08F-C81C-45F6-A57F-5ABD9991F28F}") = "TestProject.Business-VB", "TestProject\VB\TestProject.Business\TestProject.Business-VB.vbproj", "{83F65F15-9DD5-4A05-B992-61AC398E957E}"
EndProject
Project("{2150E333-8FDC-42A3-9474-1A3956D46DE8}") = "Inheritance tests", "Inheritance tests", "{5757BD3B-8329-412F-AF0A-49AFE6001792}"
EndProject
Project("{FAE04EC0-301F-11D3-BF4B-00C04F79EFBC}") = "DocStore.Business-CS-Inherits-WIN", "Inherits\Inherits-WIN-CS\DocStore.Business\DocStore.Business-CS-Inherits-WIN.csproj", "{E8B4D2E6-302E-4C2A-8273-5CEA9213E1A6}"
EndProject
Project("{F184B08F-C81C-45F6-A57F-5ABD9991F28F}") = "DocStore.Business-VB-Inherits-WIN", "Inherits\Inherits-WIN-VB\DocStore.Business\DocStore.Business-VB-Inherits-WIN.vbproj", "{6444D4EE-0669-41DE-8EE7-5C09FE8A8358}"
EndProject
Project("{FAE04EC0-301F-11D3-BF4B-00C04F79EFBC}") = "DocStore.Business-CS-Inherits-WPF", "Inherits\Inherits-WPF-CS\DocStore.Business\DocStore.Business-CS-Inherits-WPF.csproj", "{C26E8136-BB20-4635-BE41-AA867761414C}"
EndProject
Project("{F184B08F-C81C-45F6-A57F-5ABD9991F28F}") = "DocStore.Business-VB-Inherits-WPF", "Inherits\Inherits-WPF-VB\DocStore.Business\DocStore.Business-VB-Inherits-WPF.vbproj", "{A04132C0-2693-4E28-8108-A7831BB946AC}"
EndProject
Project("{2150E333-8FDC-42A3-9474-1A3956D46DE8}") = "Plain Tests", "Plain Tests", "{7EDF193D-4A76-4837-A0B3-2DFFED0723EA}"
EndProject
Project("{FAE04EC0-301F-11D3-BF4B-00C04F79EFBC}") = "DocStore.Business-CS-Plain-WIN", "Plain\Plain-WIN-CS\DocStore.Business\DocStore.Business-CS-Plain-WIN.csproj", "{5894EE6D-BF1F-4D29-BB97-74858D195943}"
EndProject
Project("{F184B08F-C81C-45F6-A57F-5ABD9991F28F}") = "DocStore.Business-VB-Plain-WIN", "Plain\Plain-WIN-VB\DocStore.Business\DocStore.Business-VB-Plain-WIN.vbproj", "{9C9519AB-F57A-46F9-A845-5B3F5A135D63}"
EndProject
Project("{FAE04EC0-301F-11D3-BF4B-00C04F79EFBC}") = "DocStore.Business-CS-Plain-WPF", "Plain\Plain-WPF-CS\DocStore.Business\DocStore.Business-CS-Plain-WPF.csproj", "{92D3F788-BCDC-4ECC-A585-671A72D4603A}"
EndProject
Project("{F184B08F-C81C-45F6-A57F-5ABD9991F28F}") = "DocStore.Business-VB-Plain-WPF", "Plain\Plain-WPF-VB\DocStore.Business\DocStore.Business-VB-Plain-WPF.vbproj", "{1D340338-FB1B-46E8-ACFB-BBF98A6FC31C}"
EndProject
Project("{FAE04EC0-301F-11D3-BF4B-00C04F79EFBC}") = "Invoices.Business-CS", "Invoices\Invoices-CS\Invoices.Business\Invoices.Business-CS.csproj", "{E6352A02-6B52-4A06-AC8E-DA1AC08F8624}"
EndProject
Project("{F184B08F-C81C-45F6-A57F-5ABD9991F28F}") = "Invoices.Business-VB", "Invoices\Invoices-VB\Invoices.Business\Invoices.Business-VB.vbproj", "{A5CB5ABE-0240-4B70-9362-6AE2DACCB097}"
EndProject
Project("{2150E333-8FDC-42A3-9474-1A3956D46DE8}") = "DAL-DTO-INT64", "DAL-DTO-INT64", "{7F303321-B4DE-4357-8A5D-0FA6A58A2926}"
EndProject
Project("{2150E333-8FDC-42A3-9474-1A3956D46DE8}") = "DAL-DR-INT64", "DAL-DR-INT64", "{05E42FC8-34BA-4028-860A-B69BE069D673}"
EndProject
Project("{FAE04EC0-301F-11D3-BF4B-00C04F79EFBC}") = "Invoices.Business", "Invoices-CS-DAL-DTO-INT64\Invoices.Business\Invoices.Business.csproj", "{844C5662-F8A7-4732-B650-40CC1DA5A67B}"
EndProject
Project("{FAE04EC0-301F-11D3-BF4B-00C04F79EFBC}") = "Invoices.DataAccess", "Invoices-CS-DAL-DTO-INT64\Invoices.DataAccess\Invoices.DataAccess.csproj", "{39A59600-A6FE-4623-8C62-ABD0DA9E6647}"
EndProject
Project("{FAE04EC0-301F-11D3-BF4B-00C04F79EFBC}") = "Invoices.DataAccess.Sql", "Invoices-CS-DAL-DTO-INT64\Invoices.DataAccess.Sql\Invoices.DataAccess.Sql.csproj", "{30DECAD5-158E-4480-A20E-2773D08370B7}"
EndProject
Project("{FAE04EC0-301F-11D3-BF4B-00C04F79EFBC}") = "Invoices.Business", "Invoices-CS-DAL-DR-INT64\Invoices.Business\Invoices.Business.csproj", "{83D68E18-4C87-4F55-9E6B-FA23ABC3889E}"
EndProject
Project("{FAE04EC0-301F-11D3-BF4B-00C04F79EFBC}") = "Invoices.DataAccess", "Invoices-CS-DAL-DR-INT64\Invoices.DataAccess\Invoices.DataAccess.csproj", "{E2FBAF79-71A6-4BA0-8FBA-B2971841B6BB}"
EndProject
Project("{FAE04EC0-301F-11D3-BF4B-00C04F79EFBC}") = "Invoices.DataAccess.Sql", "Invoices-CS-DAL-DR-INT64\Invoices.DataAccess.Sql\Invoices.DataAccess.Sql.csproj", "{A4E393FA-0274-4ED1-B5C8-5EF450DB2CBC}"
EndProject
Project("{FAE04EC0-301F-11D3-BF4B-00C04F79EFBC}") = "Invoices.Business-DbClass-CS", "Invoices\Invoices-DbClass-CS\Invoices.Business\Invoices.Business-DbClass-CS.csproj", "{FD52F928-3218-4A24-BB43-22FF01EAADD0}"
EndProject
Project("{F184B08F-C81C-45F6-A57F-5ABD9991F28F}") = "Invoices.Business-DbClass-VB", "Invoices\Invoices-DbClass-VB\Invoices.Business\Invoices.Business-DbClass-VB.vbproj", "{FF72A3C3-DD3B-4A80-83A2-43ED5D93BF34}"
EndProject
Project("{FAE04EC0-301F-11D3-BF4B-00C04F79EFBC}") = "Invoices.DataAccess.Oracle", "Invoices-CS-DAL-DR-INT64\Invoices.DataAccess.Oracle\Invoices.DataAccess.Oracle.csproj", "{40D32FCE-195B-42D1-9E1D-CFA524CBE010}"
EndProject
Project("{FAE04EC0-301F-11D3-BF4B-00C04F79EFBC}") = "Invoices.DataAccess.Npgsql", "Invoices-CS-DAL-DR-INT64\Invoices.DataAccess.Npgsql\Invoices.DataAccess.Npgsql.csproj", "{F6AE53B4-E17D-4302-B92F-8CBE7C5BC44E}"
EndProject
Project("{FAE04EC0-301F-11D3-BF4B-00C04F79EFBC}") = "Invoices.DataAccess.Firebird", "Invoices-CS-DAL-DR-INT64\Invoices.DataAccess.Firebird\Invoices.DataAccess.Firebird.csproj", "{3F0D4477-6034-4E9B-8188-DC0F62CC94D2}"
EndProject
Project("{FAE04EC0-301F-11D3-BF4B-00C04F79EFBC}") = "Invoices.DataAccess.MySql", "Invoices-CS-DAL-DR-INT64\Invoices.DataAccess.MySql\Invoices.DataAccess.MySql.csproj", "{E20C22E7-8E44-4CB5-ABF4-F5A2161F163A}"
EndProject
Project("{FAE04EC0-301F-11D3-BF4B-00C04F79EFBC}") = "Invoices.DataAccess.SQLite", "Invoices-CS-DAL-DR-INT64\Invoices.DataAccess.SQLite\Invoices.DataAccess.SQLite.csproj", "{A2253CF1-F6FC-4B19-AA3F-407F81F9A6F5}"
EndProject
Project("{FAE04EC0-301F-11D3-BF4B-00C04F79EFBC}") = "Invoices.DataAccess.Firebird", "Invoices-CS-DAL-DTO-INT64\Invoices.DataAccess.Firebird\Invoices.DataAccess.Firebird.csproj", "{80E27B5E-376C-477C-988E-F547E8222F2A}"
EndProject
Project("{FAE04EC0-301F-11D3-BF4B-00C04F79EFBC}") = "Invoices.DataAccess.MySql", "Invoices-CS-DAL-DTO-INT64\Invoices.DataAccess.MySql\Invoices.DataAccess.MySql.csproj", "{65E3F562-322E-4B17-A641-83C469801734}"
EndProject
Project("{FAE04EC0-301F-11D3-BF4B-00C04F79EFBC}") = "Invoices.DataAccess.Npgsql", "Invoices-CS-DAL-DTO-INT64\Invoices.DataAccess.Npgsql\Invoices.DataAccess.Npgsql.csproj", "{A2616A37-08C1-43B3-A1E5-2BB1E1081903}"
EndProject
Project("{FAE04EC0-301F-11D3-BF4B-00C04F79EFBC}") = "Invoices.DataAccess.Oracle", "Invoices-CS-DAL-DTO-INT64\Invoices.DataAccess.Oracle\Invoices.DataAccess.Oracle.csproj", "{A31E55DF-6C12-4F5F-9185-F79DD0E0BF80}"
EndProject
Project("{FAE04EC0-301F-11D3-BF4B-00C04F79EFBC}") = "Invoices.DataAccess.SQLite", "Invoices-CS-DAL-DTO-INT64\Invoices.DataAccess.SQLite\Invoices.DataAccess.SQLite.csproj", "{664528E3-25B7-451E-AB82-25F3E10DCCD4}"
EndProject
Project("{2150E333-8FDC-42A3-9474-1A3956D46DE8}") = "DAL-DR", "DAL-DR", "{2DDA2B1F-E1C5-49A0-BD87-83B5F324ACCF}"
EndProject
Project("{FAE04EC0-301F-11D3-BF4B-00C04F79EFBC}") = "Invoices.Business", "Invoices-CS-DAL-DR\Invoices.Business\Invoices.Business.csproj", "{0C4F676B-9D6A-4CA3-B865-76303E42945F}"
EndProject
Project("{FAE04EC0-301F-11D3-BF4B-00C04F79EFBC}") = "Invoices.DataAccess", "Invoices-CS-DAL-DR\Invoices.DataAccess\Invoices.DataAccess.csproj", "{6D316C5E-5D1B-4FB2-B4AC-8AF3289999E7}"
EndProject
Project("{FAE04EC0-301F-11D3-BF4B-00C04F79EFBC}") = "Invoices.DataAccess.Sql", "Invoices-CS-DAL-DR\Invoices.DataAccess.Sql\Invoices.DataAccess.Sql.csproj", "{BF7723DE-9DC9-41EA-A162-F76712A7C865}"
EndProject
Project("{2150E333-8FDC-42A3-9474-1A3956D46DE8}") = "DAL-DTO", "DAL-DTO", "{4DB2B926-4250-4015-BFCB-8453969B3882}"
EndProject
Project("{FAE04EC0-301F-11D3-BF4B-00C04F79EFBC}") = "Invoices.Business", "Invoices-CS-DAL-DTO\Invoices.Business\Invoices.Business.csproj", "{672EB673-EAB3-43B2-B59F-E2D281439EF5}"
EndProject
Project("{FAE04EC0-301F-11D3-BF4B-00C04F79EFBC}") = "Invoices.DataAccess", "Invoices-CS-DAL-DTO\Invoices.DataAccess\Invoices.DataAccess.csproj", "{F3149DFB-F2C2-4A25-85D2-117417673E54}"
EndProject
Project("{FAE04EC0-301F-11D3-BF4B-00C04F79EFBC}") = "Invoices.DataAccess.Sql", "Invoices-CS-DAL-DTO\Invoices.DataAccess.Sql\Invoices.DataAccess.Sql.csproj", "{1E6E06B9-FB1C-47DE-926E-E94789FC7A75}"
EndProject
Project("{2150E333-8FDC-42A3-9474-1A3956D46DE8}") = "InterwayDocs", "InterwayDocs", "{B588C148-B7A2-4530-8D50-05089AC6D8C6}"
EndProject
Project("{FAE04EC0-301F-11D3-BF4B-00C04F79EFBC}") = "Codisa.InterwayDocs.Rules", "InterwayDocs\Codisa.InterwayDocs.Rules\Codisa.InterwayDocs.Rules.csproj", "{BB2CCD46-4B03-477D-ACC7-AABBF15F9245}"
EndProject
Project("{FAE04EC0-301F-11D3-BF4B-00C04F79EFBC}") = "Codisa.InterwayDocs.Business-CS", "InterwayDocs\Plain-CS\Codisa.InterwayDocs.Business\Codisa.InterwayDocs.Business-CS.csproj", "{0A3D1BF2-05FA-4E33-B95A-E006320E39B2}"
EndProject
Project("{FAE04EC0-301F-11D3-BF4B-00C04F79EFBC}") = "Codisa.InterwayDocs.Business-VB", "InterwayDocs\Plain-VB\Codisa.InterwayDocs.Business\Codisa.InterwayDocs.Business-VB.csproj", "{9AA8D15D-44B9-4E0C-87F5-E9CCABC6D51E}"
EndProject
Global
	GlobalSection(SolutionConfigurationPlatforms) = preSolution
		Debug|Any CPU = Debug|Any CPU
		Release|Any CPU = Release|Any CPU
	EndGlobalSection
	GlobalSection(ProjectConfigurationPlatforms) = postSolution
		{5A012BF6-FF0A-4005-9DED-0545B29EB0C0}.Debug|Any CPU.ActiveCfg = Debug|Any CPU
		{5A012BF6-FF0A-4005-9DED-0545B29EB0C0}.Debug|Any CPU.Build.0 = Debug|Any CPU
		{5A012BF6-FF0A-4005-9DED-0545B29EB0C0}.Release|Any CPU.ActiveCfg = Release|Any CPU
		{5A012BF6-FF0A-4005-9DED-0545B29EB0C0}.Release|Any CPU.Build.0 = Release|Any CPU
		{F02B613F-4FB3-4C19-B35C-14DC41EE9C25}.Debug|Any CPU.ActiveCfg = Debug|Any CPU
		{F02B613F-4FB3-4C19-B35C-14DC41EE9C25}.Debug|Any CPU.Build.0 = Debug|Any CPU
		{F02B613F-4FB3-4C19-B35C-14DC41EE9C25}.Release|Any CPU.ActiveCfg = Release|Any CPU
		{F02B613F-4FB3-4C19-B35C-14DC41EE9C25}.Release|Any CPU.Build.0 = Release|Any CPU
		{83F65F15-9DD5-4A05-B992-61AC398E957E}.Debug|Any CPU.ActiveCfg = Debug|Any CPU
		{83F65F15-9DD5-4A05-B992-61AC398E957E}.Debug|Any CPU.Build.0 = Debug|Any CPU
		{83F65F15-9DD5-4A05-B992-61AC398E957E}.Release|Any CPU.ActiveCfg = Release|Any CPU
		{83F65F15-9DD5-4A05-B992-61AC398E957E}.Release|Any CPU.Build.0 = Release|Any CPU
		{E8B4D2E6-302E-4C2A-8273-5CEA9213E1A6}.Debug|Any CPU.ActiveCfg = Debug|Any CPU
		{E8B4D2E6-302E-4C2A-8273-5CEA9213E1A6}.Debug|Any CPU.Build.0 = Debug|Any CPU
		{E8B4D2E6-302E-4C2A-8273-5CEA9213E1A6}.Release|Any CPU.ActiveCfg = Release|Any CPU
		{E8B4D2E6-302E-4C2A-8273-5CEA9213E1A6}.Release|Any CPU.Build.0 = Release|Any CPU
		{6444D4EE-0669-41DE-8EE7-5C09FE8A8358}.Debug|Any CPU.ActiveCfg = Debug|Any CPU
		{6444D4EE-0669-41DE-8EE7-5C09FE8A8358}.Debug|Any CPU.Build.0 = Debug|Any CPU
		{6444D4EE-0669-41DE-8EE7-5C09FE8A8358}.Release|Any CPU.ActiveCfg = Release|Any CPU
		{6444D4EE-0669-41DE-8EE7-5C09FE8A8358}.Release|Any CPU.Build.0 = Release|Any CPU
		{C26E8136-BB20-4635-BE41-AA867761414C}.Debug|Any CPU.ActiveCfg = Debug|Any CPU
		{C26E8136-BB20-4635-BE41-AA867761414C}.Debug|Any CPU.Build.0 = Debug|Any CPU
		{C26E8136-BB20-4635-BE41-AA867761414C}.Release|Any CPU.ActiveCfg = Release|Any CPU
		{C26E8136-BB20-4635-BE41-AA867761414C}.Release|Any CPU.Build.0 = Release|Any CPU
		{A04132C0-2693-4E28-8108-A7831BB946AC}.Debug|Any CPU.ActiveCfg = Debug|Any CPU
		{A04132C0-2693-4E28-8108-A7831BB946AC}.Debug|Any CPU.Build.0 = Debug|Any CPU
		{A04132C0-2693-4E28-8108-A7831BB946AC}.Release|Any CPU.ActiveCfg = Release|Any CPU
		{A04132C0-2693-4E28-8108-A7831BB946AC}.Release|Any CPU.Build.0 = Release|Any CPU
		{5894EE6D-BF1F-4D29-BB97-74858D195943}.Debug|Any CPU.ActiveCfg = Debug|Any CPU
		{5894EE6D-BF1F-4D29-BB97-74858D195943}.Debug|Any CPU.Build.0 = Debug|Any CPU
		{5894EE6D-BF1F-4D29-BB97-74858D195943}.Release|Any CPU.ActiveCfg = Release|Any CPU
		{5894EE6D-BF1F-4D29-BB97-74858D195943}.Release|Any CPU.Build.0 = Release|Any CPU
		{9C9519AB-F57A-46F9-A845-5B3F5A135D63}.Debug|Any CPU.ActiveCfg = Debug|Any CPU
		{9C9519AB-F57A-46F9-A845-5B3F5A135D63}.Debug|Any CPU.Build.0 = Debug|Any CPU
		{9C9519AB-F57A-46F9-A845-5B3F5A135D63}.Release|Any CPU.ActiveCfg = Release|Any CPU
		{9C9519AB-F57A-46F9-A845-5B3F5A135D63}.Release|Any CPU.Build.0 = Release|Any CPU
		{92D3F788-BCDC-4ECC-A585-671A72D4603A}.Debug|Any CPU.ActiveCfg = Debug|Any CPU
		{92D3F788-BCDC-4ECC-A585-671A72D4603A}.Debug|Any CPU.Build.0 = Debug|Any CPU
		{92D3F788-BCDC-4ECC-A585-671A72D4603A}.Release|Any CPU.ActiveCfg = Release|Any CPU
		{92D3F788-BCDC-4ECC-A585-671A72D4603A}.Release|Any CPU.Build.0 = Release|Any CPU
		{1D340338-FB1B-46E8-ACFB-BBF98A6FC31C}.Debug|Any CPU.ActiveCfg = Debug|Any CPU
		{1D340338-FB1B-46E8-ACFB-BBF98A6FC31C}.Debug|Any CPU.Build.0 = Debug|Any CPU
		{1D340338-FB1B-46E8-ACFB-BBF98A6FC31C}.Release|Any CPU.ActiveCfg = Release|Any CPU
		{1D340338-FB1B-46E8-ACFB-BBF98A6FC31C}.Release|Any CPU.Build.0 = Release|Any CPU
		{E6352A02-6B52-4A06-AC8E-DA1AC08F8624}.Debug|Any CPU.ActiveCfg = Debug|Any CPU
		{E6352A02-6B52-4A06-AC8E-DA1AC08F8624}.Debug|Any CPU.Build.0 = Debug|Any CPU
		{E6352A02-6B52-4A06-AC8E-DA1AC08F8624}.Release|Any CPU.ActiveCfg = Release|Any CPU
		{E6352A02-6B52-4A06-AC8E-DA1AC08F8624}.Release|Any CPU.Build.0 = Release|Any CPU
		{A5CB5ABE-0240-4B70-9362-6AE2DACCB097}.Debug|Any CPU.ActiveCfg = Debug|Any CPU
		{A5CB5ABE-0240-4B70-9362-6AE2DACCB097}.Debug|Any CPU.Build.0 = Debug|Any CPU
		{A5CB5ABE-0240-4B70-9362-6AE2DACCB097}.Release|Any CPU.ActiveCfg = Release|Any CPU
		{A5CB5ABE-0240-4B70-9362-6AE2DACCB097}.Release|Any CPU.Build.0 = Release|Any CPU
		{844C5662-F8A7-4732-B650-40CC1DA5A67B}.Debug|Any CPU.ActiveCfg = Debug|Any CPU
		{844C5662-F8A7-4732-B650-40CC1DA5A67B}.Debug|Any CPU.Build.0 = Debug|Any CPU
		{844C5662-F8A7-4732-B650-40CC1DA5A67B}.Release|Any CPU.ActiveCfg = Release|Any CPU
		{844C5662-F8A7-4732-B650-40CC1DA5A67B}.Release|Any CPU.Build.0 = Release|Any CPU
		{39A59600-A6FE-4623-8C62-ABD0DA9E6647}.Debug|Any CPU.ActiveCfg = Debug|Any CPU
		{39A59600-A6FE-4623-8C62-ABD0DA9E6647}.Debug|Any CPU.Build.0 = Debug|Any CPU
		{39A59600-A6FE-4623-8C62-ABD0DA9E6647}.Release|Any CPU.ActiveCfg = Release|Any CPU
		{39A59600-A6FE-4623-8C62-ABD0DA9E6647}.Release|Any CPU.Build.0 = Release|Any CPU
		{30DECAD5-158E-4480-A20E-2773D08370B7}.Debug|Any CPU.ActiveCfg = Debug|Any CPU
		{30DECAD5-158E-4480-A20E-2773D08370B7}.Debug|Any CPU.Build.0 = Debug|Any CPU
		{30DECAD5-158E-4480-A20E-2773D08370B7}.Release|Any CPU.ActiveCfg = Release|Any CPU
		{30DECAD5-158E-4480-A20E-2773D08370B7}.Release|Any CPU.Build.0 = Release|Any CPU
		{83D68E18-4C87-4F55-9E6B-FA23ABC3889E}.Debug|Any CPU.ActiveCfg = Debug|Any CPU
		{83D68E18-4C87-4F55-9E6B-FA23ABC3889E}.Debug|Any CPU.Build.0 = Debug|Any CPU
		{83D68E18-4C87-4F55-9E6B-FA23ABC3889E}.Release|Any CPU.ActiveCfg = Release|Any CPU
		{83D68E18-4C87-4F55-9E6B-FA23ABC3889E}.Release|Any CPU.Build.0 = Release|Any CPU
		{E2FBAF79-71A6-4BA0-8FBA-B2971841B6BB}.Debug|Any CPU.ActiveCfg = Debug|Any CPU
		{E2FBAF79-71A6-4BA0-8FBA-B2971841B6BB}.Debug|Any CPU.Build.0 = Debug|Any CPU
		{E2FBAF79-71A6-4BA0-8FBA-B2971841B6BB}.Release|Any CPU.ActiveCfg = Release|Any CPU
		{E2FBAF79-71A6-4BA0-8FBA-B2971841B6BB}.Release|Any CPU.Build.0 = Release|Any CPU
		{A4E393FA-0274-4ED1-B5C8-5EF450DB2CBC}.Debug|Any CPU.ActiveCfg = Debug|Any CPU
		{A4E393FA-0274-4ED1-B5C8-5EF450DB2CBC}.Debug|Any CPU.Build.0 = Debug|Any CPU
		{A4E393FA-0274-4ED1-B5C8-5EF450DB2CBC}.Release|Any CPU.ActiveCfg = Release|Any CPU
		{A4E393FA-0274-4ED1-B5C8-5EF450DB2CBC}.Release|Any CPU.Build.0 = Release|Any CPU
		{FD52F928-3218-4A24-BB43-22FF01EAADD0}.Debug|Any CPU.ActiveCfg = Debug|Any CPU
		{FD52F928-3218-4A24-BB43-22FF01EAADD0}.Debug|Any CPU.Build.0 = Debug|Any CPU
		{FD52F928-3218-4A24-BB43-22FF01EAADD0}.Release|Any CPU.ActiveCfg = Release|Any CPU
		{FD52F928-3218-4A24-BB43-22FF01EAADD0}.Release|Any CPU.Build.0 = Release|Any CPU
		{FF72A3C3-DD3B-4A80-83A2-43ED5D93BF34}.Debug|Any CPU.ActiveCfg = Debug|Any CPU
		{FF72A3C3-DD3B-4A80-83A2-43ED5D93BF34}.Debug|Any CPU.Build.0 = Debug|Any CPU
		{FF72A3C3-DD3B-4A80-83A2-43ED5D93BF34}.Release|Any CPU.ActiveCfg = Release|Any CPU
		{FF72A3C3-DD3B-4A80-83A2-43ED5D93BF34}.Release|Any CPU.Build.0 = Release|Any CPU
		{40D32FCE-195B-42D1-9E1D-CFA524CBE010}.Debug|Any CPU.ActiveCfg = Debug|Any CPU
		{40D32FCE-195B-42D1-9E1D-CFA524CBE010}.Debug|Any CPU.Build.0 = Debug|Any CPU
		{40D32FCE-195B-42D1-9E1D-CFA524CBE010}.Release|Any CPU.ActiveCfg = Release|Any CPU
		{40D32FCE-195B-42D1-9E1D-CFA524CBE010}.Release|Any CPU.Build.0 = Release|Any CPU
		{F6AE53B4-E17D-4302-B92F-8CBE7C5BC44E}.Debug|Any CPU.ActiveCfg = Debug|Any CPU
		{F6AE53B4-E17D-4302-B92F-8CBE7C5BC44E}.Debug|Any CPU.Build.0 = Debug|Any CPU
		{F6AE53B4-E17D-4302-B92F-8CBE7C5BC44E}.Release|Any CPU.ActiveCfg = Release|Any CPU
		{F6AE53B4-E17D-4302-B92F-8CBE7C5BC44E}.Release|Any CPU.Build.0 = Release|Any CPU
		{3F0D4477-6034-4E9B-8188-DC0F62CC94D2}.Debug|Any CPU.ActiveCfg = Debug|Any CPU
		{3F0D4477-6034-4E9B-8188-DC0F62CC94D2}.Debug|Any CPU.Build.0 = Debug|Any CPU
		{3F0D4477-6034-4E9B-8188-DC0F62CC94D2}.Release|Any CPU.ActiveCfg = Release|Any CPU
		{3F0D4477-6034-4E9B-8188-DC0F62CC94D2}.Release|Any CPU.Build.0 = Release|Any CPU
		{E20C22E7-8E44-4CB5-ABF4-F5A2161F163A}.Debug|Any CPU.ActiveCfg = Debug|Any CPU
		{E20C22E7-8E44-4CB5-ABF4-F5A2161F163A}.Debug|Any CPU.Build.0 = Debug|Any CPU
		{E20C22E7-8E44-4CB5-ABF4-F5A2161F163A}.Release|Any CPU.ActiveCfg = Release|Any CPU
		{E20C22E7-8E44-4CB5-ABF4-F5A2161F163A}.Release|Any CPU.Build.0 = Release|Any CPU
		{A2253CF1-F6FC-4B19-AA3F-407F81F9A6F5}.Debug|Any CPU.ActiveCfg = Debug|Any CPU
		{A2253CF1-F6FC-4B19-AA3F-407F81F9A6F5}.Debug|Any CPU.Build.0 = Debug|Any CPU
		{A2253CF1-F6FC-4B19-AA3F-407F81F9A6F5}.Release|Any CPU.ActiveCfg = Release|Any CPU
		{A2253CF1-F6FC-4B19-AA3F-407F81F9A6F5}.Release|Any CPU.Build.0 = Release|Any CPU
		{80E27B5E-376C-477C-988E-F547E8222F2A}.Debug|Any CPU.ActiveCfg = Debug|Any CPU
		{80E27B5E-376C-477C-988E-F547E8222F2A}.Debug|Any CPU.Build.0 = Debug|Any CPU
		{80E27B5E-376C-477C-988E-F547E8222F2A}.Release|Any CPU.ActiveCfg = Release|Any CPU
		{80E27B5E-376C-477C-988E-F547E8222F2A}.Release|Any CPU.Build.0 = Release|Any CPU
		{65E3F562-322E-4B17-A641-83C469801734}.Debug|Any CPU.ActiveCfg = Debug|Any CPU
		{65E3F562-322E-4B17-A641-83C469801734}.Debug|Any CPU.Build.0 = Debug|Any CPU
		{65E3F562-322E-4B17-A641-83C469801734}.Release|Any CPU.ActiveCfg = Release|Any CPU
		{65E3F562-322E-4B17-A641-83C469801734}.Release|Any CPU.Build.0 = Release|Any CPU
		{A2616A37-08C1-43B3-A1E5-2BB1E1081903}.Debug|Any CPU.ActiveCfg = Debug|Any CPU
		{A2616A37-08C1-43B3-A1E5-2BB1E1081903}.Debug|Any CPU.Build.0 = Debug|Any CPU
		{A2616A37-08C1-43B3-A1E5-2BB1E1081903}.Release|Any CPU.ActiveCfg = Release|Any CPU
		{A2616A37-08C1-43B3-A1E5-2BB1E1081903}.Release|Any CPU.Build.0 = Release|Any CPU
		{A31E55DF-6C12-4F5F-9185-F79DD0E0BF80}.Debug|Any CPU.ActiveCfg = Debug|Any CPU
		{A31E55DF-6C12-4F5F-9185-F79DD0E0BF80}.Debug|Any CPU.Build.0 = Debug|Any CPU
		{A31E55DF-6C12-4F5F-9185-F79DD0E0BF80}.Release|Any CPU.ActiveCfg = Release|Any CPU
		{A31E55DF-6C12-4F5F-9185-F79DD0E0BF80}.Release|Any CPU.Build.0 = Release|Any CPU
		{664528E3-25B7-451E-AB82-25F3E10DCCD4}.Debug|Any CPU.ActiveCfg = Debug|Any CPU
		{664528E3-25B7-451E-AB82-25F3E10DCCD4}.Debug|Any CPU.Build.0 = Debug|Any CPU
		{664528E3-25B7-451E-AB82-25F3E10DCCD4}.Release|Any CPU.ActiveCfg = Release|Any CPU
		{664528E3-25B7-451E-AB82-25F3E10DCCD4}.Release|Any CPU.Build.0 = Release|Any CPU
		{0C4F676B-9D6A-4CA3-B865-76303E42945F}.Debug|Any CPU.ActiveCfg = Debug|Any CPU
		{0C4F676B-9D6A-4CA3-B865-76303E42945F}.Debug|Any CPU.Build.0 = Debug|Any CPU
		{0C4F676B-9D6A-4CA3-B865-76303E42945F}.Release|Any CPU.ActiveCfg = Release|Any CPU
		{0C4F676B-9D6A-4CA3-B865-76303E42945F}.Release|Any CPU.Build.0 = Release|Any CPU
		{6D316C5E-5D1B-4FB2-B4AC-8AF3289999E7}.Debug|Any CPU.ActiveCfg = Debug|Any CPU
		{6D316C5E-5D1B-4FB2-B4AC-8AF3289999E7}.Debug|Any CPU.Build.0 = Debug|Any CPU
		{6D316C5E-5D1B-4FB2-B4AC-8AF3289999E7}.Release|Any CPU.ActiveCfg = Release|Any CPU
		{6D316C5E-5D1B-4FB2-B4AC-8AF3289999E7}.Release|Any CPU.Build.0 = Release|Any CPU
		{BF7723DE-9DC9-41EA-A162-F76712A7C865}.Debug|Any CPU.ActiveCfg = Debug|Any CPU
		{BF7723DE-9DC9-41EA-A162-F76712A7C865}.Debug|Any CPU.Build.0 = Debug|Any CPU
		{BF7723DE-9DC9-41EA-A162-F76712A7C865}.Release|Any CPU.ActiveCfg = Release|Any CPU
		{BF7723DE-9DC9-41EA-A162-F76712A7C865}.Release|Any CPU.Build.0 = Release|Any CPU
		{672EB673-EAB3-43B2-B59F-E2D281439EF5}.Debug|Any CPU.ActiveCfg = Debug|Any CPU
		{672EB673-EAB3-43B2-B59F-E2D281439EF5}.Debug|Any CPU.Build.0 = Debug|Any CPU
		{672EB673-EAB3-43B2-B59F-E2D281439EF5}.Release|Any CPU.ActiveCfg = Release|Any CPU
		{672EB673-EAB3-43B2-B59F-E2D281439EF5}.Release|Any CPU.Build.0 = Release|Any CPU
		{F3149DFB-F2C2-4A25-85D2-117417673E54}.Debug|Any CPU.ActiveCfg = Debug|Any CPU
		{F3149DFB-F2C2-4A25-85D2-117417673E54}.Debug|Any CPU.Build.0 = Debug|Any CPU
		{F3149DFB-F2C2-4A25-85D2-117417673E54}.Release|Any CPU.ActiveCfg = Release|Any CPU
		{F3149DFB-F2C2-4A25-85D2-117417673E54}.Release|Any CPU.Build.0 = Release|Any CPU
		{1E6E06B9-FB1C-47DE-926E-E94789FC7A75}.Debug|Any CPU.ActiveCfg = Debug|Any CPU
		{1E6E06B9-FB1C-47DE-926E-E94789FC7A75}.Debug|Any CPU.Build.0 = Debug|Any CPU
		{1E6E06B9-FB1C-47DE-926E-E94789FC7A75}.Release|Any CPU.ActiveCfg = Release|Any CPU
		{1E6E06B9-FB1C-47DE-926E-E94789FC7A75}.Release|Any CPU.Build.0 = Release|Any CPU
		{BB2CCD46-4B03-477D-ACC7-AABBF15F9245}.Debug|Any CPU.ActiveCfg = Debug|Any CPU
		{BB2CCD46-4B03-477D-ACC7-AABBF15F9245}.Debug|Any CPU.Build.0 = Debug|Any CPU
		{BB2CCD46-4B03-477D-ACC7-AABBF15F9245}.Release|Any CPU.ActiveCfg = Release|Any CPU
		{BB2CCD46-4B03-477D-ACC7-AABBF15F9245}.Release|Any CPU.Build.0 = Release|Any CPU
		{0A3D1BF2-05FA-4E33-B95A-E006320E39B2}.Debug|Any CPU.ActiveCfg = Debug|Any CPU
		{0A3D1BF2-05FA-4E33-B95A-E006320E39B2}.Debug|Any CPU.Build.0 = Debug|Any CPU
		{0A3D1BF2-05FA-4E33-B95A-E006320E39B2}.Release|Any CPU.ActiveCfg = Release|Any CPU
		{0A3D1BF2-05FA-4E33-B95A-E006320E39B2}.Release|Any CPU.Build.0 = Release|Any CPU
		{9AA8D15D-44B9-4E0C-87F5-E9CCABC6D51E}.Debug|Any CPU.ActiveCfg = Debug|Any CPU
		{9AA8D15D-44B9-4E0C-87F5-E9CCABC6D51E}.Debug|Any CPU.Build.0 = Debug|Any CPU
		{9AA8D15D-44B9-4E0C-87F5-E9CCABC6D51E}.Release|Any CPU.ActiveCfg = Release|Any CPU
		{9AA8D15D-44B9-4E0C-87F5-E9CCABC6D51E}.Release|Any CPU.Build.0 = Release|Any CPU
	EndGlobalSection
	GlobalSection(SolutionProperties) = preSolution
		HideSolutionNode = FALSE
	EndGlobalSection
	GlobalSection(NestedProjects) = preSolution
		{E8B4D2E6-302E-4C2A-8273-5CEA9213E1A6} = {5757BD3B-8329-412F-AF0A-49AFE6001792}
		{6444D4EE-0669-41DE-8EE7-5C09FE8A8358} = {5757BD3B-8329-412F-AF0A-49AFE6001792}
		{C26E8136-BB20-4635-BE41-AA867761414C} = {5757BD3B-8329-412F-AF0A-49AFE6001792}
		{A04132C0-2693-4E28-8108-A7831BB946AC} = {5757BD3B-8329-412F-AF0A-49AFE6001792}
		{5894EE6D-BF1F-4D29-BB97-74858D195943} = {7EDF193D-4A76-4837-A0B3-2DFFED0723EA}
		{9C9519AB-F57A-46F9-A845-5B3F5A135D63} = {7EDF193D-4A76-4837-A0B3-2DFFED0723EA}
		{92D3F788-BCDC-4ECC-A585-671A72D4603A} = {7EDF193D-4A76-4837-A0B3-2DFFED0723EA}
		{1D340338-FB1B-46E8-ACFB-BBF98A6FC31C} = {7EDF193D-4A76-4837-A0B3-2DFFED0723EA}
		{844C5662-F8A7-4732-B650-40CC1DA5A67B} = {7F303321-B4DE-4357-8A5D-0FA6A58A2926}
		{39A59600-A6FE-4623-8C62-ABD0DA9E6647} = {7F303321-B4DE-4357-8A5D-0FA6A58A2926}
		{30DECAD5-158E-4480-A20E-2773D08370B7} = {7F303321-B4DE-4357-8A5D-0FA6A58A2926}
		{83D68E18-4C87-4F55-9E6B-FA23ABC3889E} = {05E42FC8-34BA-4028-860A-B69BE069D673}
		{E2FBAF79-71A6-4BA0-8FBA-B2971841B6BB} = {05E42FC8-34BA-4028-860A-B69BE069D673}
		{A4E393FA-0274-4ED1-B5C8-5EF450DB2CBC} = {05E42FC8-34BA-4028-860A-B69BE069D673}
		{40D32FCE-195B-42D1-9E1D-CFA524CBE010} = {05E42FC8-34BA-4028-860A-B69BE069D673}
		{F6AE53B4-E17D-4302-B92F-8CBE7C5BC44E} = {05E42FC8-34BA-4028-860A-B69BE069D673}
		{3F0D4477-6034-4E9B-8188-DC0F62CC94D2} = {05E42FC8-34BA-4028-860A-B69BE069D673}
		{E20C22E7-8E44-4CB5-ABF4-F5A2161F163A} = {05E42FC8-34BA-4028-860A-B69BE069D673}
		{A2253CF1-F6FC-4B19-AA3F-407F81F9A6F5} = {05E42FC8-34BA-4028-860A-B69BE069D673}
		{80E27B5E-376C-477C-988E-F547E8222F2A} = {7F303321-B4DE-4357-8A5D-0FA6A58A2926}
		{65E3F562-322E-4B17-A641-83C469801734} = {7F303321-B4DE-4357-8A5D-0FA6A58A2926}
		{A2616A37-08C1-43B3-A1E5-2BB1E1081903} = {7F303321-B4DE-4357-8A5D-0FA6A58A2926}
		{A31E55DF-6C12-4F5F-9185-F79DD0E0BF80} = {7F303321-B4DE-4357-8A5D-0FA6A58A2926}
		{664528E3-25B7-451E-AB82-25F3E10DCCD4} = {7F303321-B4DE-4357-8A5D-0FA6A58A2926}
		{0C4F676B-9D6A-4CA3-B865-76303E42945F} = {2DDA2B1F-E1C5-49A0-BD87-83B5F324ACCF}
		{6D316C5E-5D1B-4FB2-B4AC-8AF3289999E7} = {2DDA2B1F-E1C5-49A0-BD87-83B5F324ACCF}
		{BF7723DE-9DC9-41EA-A162-F76712A7C865} = {2DDA2B1F-E1C5-49A0-BD87-83B5F324ACCF}
		{672EB673-EAB3-43B2-B59F-E2D281439EF5} = {4DB2B926-4250-4015-BFCB-8453969B3882}
		{F3149DFB-F2C2-4A25-85D2-117417673E54} = {4DB2B926-4250-4015-BFCB-8453969B3882}
		{1E6E06B9-FB1C-47DE-926E-E94789FC7A75} = {4DB2B926-4250-4015-BFCB-8453969B3882}
		{BB2CCD46-4B03-477D-ACC7-AABBF15F9245} = {B588C148-B7A2-4530-8D50-05089AC6D8C6}
		{0A3D1BF2-05FA-4E33-B95A-E006320E39B2} = {B588C148-B7A2-4530-8D50-05089AC6D8C6}
		{9AA8D15D-44B9-4E0C-87F5-E9CCABC6D51E} = {B588C148-B7A2-4530-8D50-05089AC6D8C6}
	EndGlobalSection
EndGlobal
