Microsoft Visual Studio Solution File, Format Version 11.00
# Visual Studio 2010
Project("{FAE04EC0-301F-11D3-BF4B-00C04F79EFBC}") = "ParentLoad.Business", "ParentLoad.Business\ParentLoad.Business.csproj", "{7AEAB3A1-25BC-46F6-A73C-46E73DC490CF}"
EndProject
Project("{FAE04EC0-301F-11D3-BF4B-00C04F79EFBC}") = "DeepLoadTest", "DeepLoadTest\DeepLoadTest.csproj", "{7E584CF4-B21E-44C3-A971-DF8C093498C1}"
EndProject
Project("{FAE04EC0-301F-11D3-BF4B-00C04F79EFBC}") = "ParentLoadRO.Business", "ParentLoadRO.Business\ParentLoadRO.Business.csproj", "{1A7AC40F-88E0-4737-8834-83988B6B259E}"
EndProject
Project("{FAE04EC0-301F-11D3-BF4B-00C04F79EFBC}") = "SelfLoad.Business", "SelfLoad.Business\SelfLoad.Business.csproj", "{F2AFF18B-E233-466B-A8AC-05E90F48801C}"
EndProject
Project("{FAE04EC0-301F-11D3-BF4B-00C04F79EFBC}") = "SelfLoadRO.Business", "SelfLoadRO.Business\SelfLoadRO.Business.csproj", "{40640CFF-F17A-4116-80AF-DCCBC6A3AD9C}"
EndProject
Project("{FAE04EC0-301F-11D3-BF4B-00C04F79EFBC}") = "ParentLoadSoftDelete.Business", "ParentLoadSoftDelete.Business\ParentLoadSoftDelete.Business.csproj", "{3BE6281D-88ED-4940-9F4E-0355AE838069}"
EndProject
Project("{FAE04EC0-301F-11D3-BF4B-00C04F79EFBC}") = "ParentLoadROSoftDelete.Business", "ParentLoadROSoftDelete.Business\ParentLoadROSoftDelete.Business.csproj", "{1FEB1EB9-E027-4372-88CD-8F04938C8409}"
EndProject
Project("{FAE04EC0-301F-11D3-BF4B-00C04F79EFBC}") = "SelfLoadSoftDelete.Business", "SelfLoadSoftDelete.Business\SelfLoadSoftDelete.Business.csproj", "{A7981A5C-740F-4598-A759-28A0B5004A32}"
EndProject
Project("{FAE04EC0-301F-11D3-BF4B-00C04F79EFBC}") = "SelfLoadROSoftDelete.Business", "SelfLoadROSoftDelete.Business\SelfLoadROSoftDelete.Business.csproj", "{09F7B441-BF07-4C46-9B8E-7B30AC6F0966}"
EndProject
Global
	GlobalSection(SubversionScc) = preSolution
		Svn-Managed = True
		Manager = AnkhSVN - Subversion Support for Visual Studio
	EndGlobalSection
	GlobalSection(SolutionConfigurationPlatforms) = preSolution
		Debug|Any CPU = Debug|Any CPU
		Debug|Mixed Platforms = Debug|Mixed Platforms
		Debug|x86 = Debug|x86
		Release|Any CPU = Release|Any CPU
		Release|Mixed Platforms = Release|Mixed Platforms
		Release|x86 = Release|x86
	EndGlobalSection
	GlobalSection(ProjectConfigurationPlatforms) = postSolution
		{7AEAB3A1-25BC-46F6-A73C-46E73DC490CF}.Debug|Any CPU.ActiveCfg = Debug|Any CPU
		{7AEAB3A1-25BC-46F6-A73C-46E73DC490CF}.Debug|Any CPU.Build.0 = Debug|Any CPU
		{7AEAB3A1-25BC-46F6-A73C-46E73DC490CF}.Debug|Mixed Platforms.ActiveCfg = Debug|Any CPU
		{7AEAB3A1-25BC-46F6-A73C-46E73DC490CF}.Debug|Mixed Platforms.Build.0 = Debug|Any CPU
		{7AEAB3A1-25BC-46F6-A73C-46E73DC490CF}.Debug|x86.ActiveCfg = Debug|Any CPU
		{7AEAB3A1-25BC-46F6-A73C-46E73DC490CF}.Release|Any CPU.ActiveCfg = Release|Any CPU
		{7AEAB3A1-25BC-46F6-A73C-46E73DC490CF}.Release|Any CPU.Build.0 = Release|Any CPU
		{7AEAB3A1-25BC-46F6-A73C-46E73DC490CF}.Release|Mixed Platforms.ActiveCfg = Release|Any CPU
		{7AEAB3A1-25BC-46F6-A73C-46E73DC490CF}.Release|Mixed Platforms.Build.0 = Release|Any CPU
		{7AEAB3A1-25BC-46F6-A73C-46E73DC490CF}.Release|x86.ActiveCfg = Release|Any CPU
		{7E584CF4-B21E-44C3-A971-DF8C093498C1}.Debug|Any CPU.ActiveCfg = Debug|x86
		{7E584CF4-B21E-44C3-A971-DF8C093498C1}.Debug|Mixed Platforms.ActiveCfg = Debug|x86
		{7E584CF4-B21E-44C3-A971-DF8C093498C1}.Debug|Mixed Platforms.Build.0 = Debug|x86
		{7E584CF4-B21E-44C3-A971-DF8C093498C1}.Debug|x86.ActiveCfg = Debug|x86
		{7E584CF4-B21E-44C3-A971-DF8C093498C1}.Debug|x86.Build.0 = Debug|x86
		{7E584CF4-B21E-44C3-A971-DF8C093498C1}.Release|Any CPU.ActiveCfg = Release|x86
		{7E584CF4-B21E-44C3-A971-DF8C093498C1}.Release|Mixed Platforms.ActiveCfg = Release|x86
		{7E584CF4-B21E-44C3-A971-DF8C093498C1}.Release|Mixed Platforms.Build.0 = Release|x86
		{7E584CF4-B21E-44C3-A971-DF8C093498C1}.Release|x86.ActiveCfg = Release|x86
		{7E584CF4-B21E-44C3-A971-DF8C093498C1}.Release|x86.Build.0 = Release|x86
		{1A7AC40F-88E0-4737-8834-83988B6B259E}.Debug|Any CPU.ActiveCfg = Debug|Any CPU
		{1A7AC40F-88E0-4737-8834-83988B6B259E}.Debug|Any CPU.Build.0 = Debug|Any CPU
		{1A7AC40F-88E0-4737-8834-83988B6B259E}.Debug|Mixed Platforms.ActiveCfg = Debug|Any CPU
		{1A7AC40F-88E0-4737-8834-83988B6B259E}.Debug|Mixed Platforms.Build.0 = Debug|Any CPU
		{1A7AC40F-88E0-4737-8834-83988B6B259E}.Debug|x86.ActiveCfg = Debug|Any CPU
		{1A7AC40F-88E0-4737-8834-83988B6B259E}.Release|Any CPU.ActiveCfg = Release|Any CPU
		{1A7AC40F-88E0-4737-8834-83988B6B259E}.Release|Any CPU.Build.0 = Release|Any CPU
		{1A7AC40F-88E0-4737-8834-83988B6B259E}.Release|Mixed Platforms.ActiveCfg = Release|Any CPU
		{1A7AC40F-88E0-4737-8834-83988B6B259E}.Release|Mixed Platforms.Build.0 = Release|Any CPU
		{1A7AC40F-88E0-4737-8834-83988B6B259E}.Release|x86.ActiveCfg = Release|Any CPU
		{F2AFF18B-E233-466B-A8AC-05E90F48801C}.Debug|Any CPU.ActiveCfg = Debug|Any CPU
		{F2AFF18B-E233-466B-A8AC-05E90F48801C}.Debug|Any CPU.Build.0 = Debug|Any CPU
		{F2AFF18B-E233-466B-A8AC-05E90F48801C}.Debug|Mixed Platforms.ActiveCfg = Debug|Any CPU
		{F2AFF18B-E233-466B-A8AC-05E90F48801C}.Debug|Mixed Platforms.Build.0 = Debug|Any CPU
		{F2AFF18B-E233-466B-A8AC-05E90F48801C}.Debug|x86.ActiveCfg = Debug|Any CPU
		{F2AFF18B-E233-466B-A8AC-05E90F48801C}.Release|Any CPU.ActiveCfg = Release|Any CPU
		{F2AFF18B-E233-466B-A8AC-05E90F48801C}.Release|Any CPU.Build.0 = Release|Any CPU
		{F2AFF18B-E233-466B-A8AC-05E90F48801C}.Release|Mixed Platforms.ActiveCfg = Release|Any CPU
		{F2AFF18B-E233-466B-A8AC-05E90F48801C}.Release|Mixed Platforms.Build.0 = Release|Any CPU
		{F2AFF18B-E233-466B-A8AC-05E90F48801C}.Release|x86.ActiveCfg = Release|Any CPU
		{40640CFF-F17A-4116-80AF-DCCBC6A3AD9C}.Debug|Any CPU.ActiveCfg = Debug|Any CPU
		{40640CFF-F17A-4116-80AF-DCCBC6A3AD9C}.Debug|Any CPU.Build.0 = Debug|Any CPU
		{40640CFF-F17A-4116-80AF-DCCBC6A3AD9C}.Debug|Mixed Platforms.ActiveCfg = Debug|Any CPU
		{40640CFF-F17A-4116-80AF-DCCBC6A3AD9C}.Debug|Mixed Platforms.Build.0 = Debug|Any CPU
		{40640CFF-F17A-4116-80AF-DCCBC6A3AD9C}.Debug|x86.ActiveCfg = Debug|Any CPU
		{40640CFF-F17A-4116-80AF-DCCBC6A3AD9C}.Release|Any CPU.ActiveCfg = Release|Any CPU
		{40640CFF-F17A-4116-80AF-DCCBC6A3AD9C}.Release|Any CPU.Build.0 = Release|Any CPU
		{40640CFF-F17A-4116-80AF-DCCBC6A3AD9C}.Release|Mixed Platforms.ActiveCfg = Release|Any CPU
		{40640CFF-F17A-4116-80AF-DCCBC6A3AD9C}.Release|Mixed Platforms.Build.0 = Release|Any CPU
		{40640CFF-F17A-4116-80AF-DCCBC6A3AD9C}.Release|x86.ActiveCfg = Release|Any CPU
		{3BE6281D-88ED-4940-9F4E-0355AE838069}.Debug|Any CPU.ActiveCfg = Debug|Any CPU
		{3BE6281D-88ED-4940-9F4E-0355AE838069}.Debug|Any CPU.Build.0 = Debug|Any CPU
		{3BE6281D-88ED-4940-9F4E-0355AE838069}.Debug|Mixed Platforms.ActiveCfg = Debug|Any CPU
		{3BE6281D-88ED-4940-9F4E-0355AE838069}.Debug|Mixed Platforms.Build.0 = Debug|Any CPU
		{3BE6281D-88ED-4940-9F4E-0355AE838069}.Debug|x86.ActiveCfg = Debug|Any CPU
		{3BE6281D-88ED-4940-9F4E-0355AE838069}.Release|Any CPU.ActiveCfg = Release|Any CPU
		{3BE6281D-88ED-4940-9F4E-0355AE838069}.Release|Any CPU.Build.0 = Release|Any CPU
		{3BE6281D-88ED-4940-9F4E-0355AE838069}.Release|Mixed Platforms.ActiveCfg = Release|Any CPU
		{3BE6281D-88ED-4940-9F4E-0355AE838069}.Release|Mixed Platforms.Build.0 = Release|Any CPU
		{3BE6281D-88ED-4940-9F4E-0355AE838069}.Release|x86.ActiveCfg = Release|Any CPU
		{1FEB1EB9-E027-4372-88CD-8F04938C8409}.Debug|Any CPU.ActiveCfg = Debug|Any CPU
		{1FEB1EB9-E027-4372-88CD-8F04938C8409}.Debug|Any CPU.Build.0 = Debug|Any CPU
		{1FEB1EB9-E027-4372-88CD-8F04938C8409}.Debug|Mixed Platforms.ActiveCfg = Debug|Any CPU
		{1FEB1EB9-E027-4372-88CD-8F04938C8409}.Debug|Mixed Platforms.Build.0 = Debug|Any CPU
		{1FEB1EB9-E027-4372-88CD-8F04938C8409}.Debug|x86.ActiveCfg = Debug|Any CPU
		{1FEB1EB9-E027-4372-88CD-8F04938C8409}.Release|Any CPU.ActiveCfg = Release|Any CPU
		{1FEB1EB9-E027-4372-88CD-8F04938C8409}.Release|Any CPU.Build.0 = Release|Any CPU
		{1FEB1EB9-E027-4372-88CD-8F04938C8409}.Release|Mixed Platforms.ActiveCfg = Release|Any CPU
		{1FEB1EB9-E027-4372-88CD-8F04938C8409}.Release|Mixed Platforms.Build.0 = Release|Any CPU
		{1FEB1EB9-E027-4372-88CD-8F04938C8409}.Release|x86.ActiveCfg = Release|Any CPU
		{A7981A5C-740F-4598-A759-28A0B5004A32}.Debug|Any CPU.ActiveCfg = Debug|Any CPU
		{A7981A5C-740F-4598-A759-28A0B5004A32}.Debug|Any CPU.Build.0 = Debug|Any CPU
		{A7981A5C-740F-4598-A759-28A0B5004A32}.Debug|Mixed Platforms.ActiveCfg = Debug|Any CPU
		{A7981A5C-740F-4598-A759-28A0B5004A32}.Debug|Mixed Platforms.Build.0 = Debug|Any CPU
		{A7981A5C-740F-4598-A759-28A0B5004A32}.Debug|x86.ActiveCfg = Debug|Any CPU
		{A7981A5C-740F-4598-A759-28A0B5004A32}.Release|Any CPU.ActiveCfg = Release|Any CPU
		{A7981A5C-740F-4598-A759-28A0B5004A32}.Release|Any CPU.Build.0 = Release|Any CPU
		{A7981A5C-740F-4598-A759-28A0B5004A32}.Release|Mixed Platforms.ActiveCfg = Release|Any CPU
		{A7981A5C-740F-4598-A759-28A0B5004A32}.Release|Mixed Platforms.Build.0 = Release|Any CPU
		{A7981A5C-740F-4598-A759-28A0B5004A32}.Release|x86.ActiveCfg = Release|Any CPU
		{09F7B441-BF07-4C46-9B8E-7B30AC6F0966}.Debug|Any CPU.ActiveCfg = Debug|Any CPU
		{09F7B441-BF07-4C46-9B8E-7B30AC6F0966}.Debug|Any CPU.Build.0 = Debug|Any CPU
		{09F7B441-BF07-4C46-9B8E-7B30AC6F0966}.Debug|Mixed Platforms.ActiveCfg = Debug|Any CPU
		{09F7B441-BF07-4C46-9B8E-7B30AC6F0966}.Debug|Mixed Platforms.Build.0 = Debug|Any CPU
		{09F7B441-BF07-4C46-9B8E-7B30AC6F0966}.Debug|x86.ActiveCfg = Debug|Any CPU
		{09F7B441-BF07-4C46-9B8E-7B30AC6F0966}.Release|Any CPU.ActiveCfg = Release|Any CPU
		{09F7B441-BF07-4C46-9B8E-7B30AC6F0966}.Release|Any CPU.Build.0 = Release|Any CPU
		{09F7B441-BF07-4C46-9B8E-7B30AC6F0966}.Release|Mixed Platforms.ActiveCfg = Release|Any CPU
		{09F7B441-BF07-4C46-9B8E-7B30AC6F0966}.Release|Mixed Platforms.Build.0 = Release|Any CPU
		{09F7B441-BF07-4C46-9B8E-7B30AC6F0966}.Release|x86.ActiveCfg = Release|Any CPU
	EndGlobalSection
	GlobalSection(SolutionProperties) = preSolution
		HideSolutionNode = FALSE
	EndGlobalSection
EndGlobal
